
Microsoft Visual Studio Solution File, Format Version 12.00
# Visual Studio Version 16
VisualStudioVersion = 16.0.31702.278
MinimumVisualStudioVersion = 10.0.40219.1
Project("{FAE04EC0-301F-11D3-BF4B-00C04F79EFBC}") = "ClassLibrary3", "ClassLibrary3\ClassLibrary3.csproj", "{88C0768C-B6C2-4152-9E67-5F8A87022A76}"
EndProject
Project("{FAE04EC0-301F-11D3-BF4B-00C04F79EFBC}") = "WindowsFormsApp1", "WindowsFormsApp1\WindowsFormsApp1.csproj", "{37F16D1E-B1D0-4DB1-ADBB-FC44FD3C9349}"
EndProject
Global
	GlobalSection(SolutionConfigurationPlatforms) = preSolution
		Debug|Any CPU = Debug|Any CPU
		Release|Any CPU = Release|Any CPU
	EndGlobalSection
	GlobalSection(ProjectConfigurationPlatforms) = postSolution
		{88C0768C-B6C2-4152-9E67-5F8A87022A76}.Debug|Any CPU.ActiveCfg = Debug|Any CPU
		{88C0768C-B6C2-4152-9E67-5F8A87022A76}.Debug|Any CPU.Build.0 = Debug|Any CPU
		{88C0768C-B6C2-4152-9E67-5F8A87022A76}.Release|Any CPU.ActiveCfg = Release|Any CPU
		{88C0768C-B6C2-4152-9E67-5F8A87022A76}.Release|Any CPU.Build.0 = Release|Any CPU
		{37F16D1E-B1D0-4DB1-ADBB-FC44FD3C9349}.Debug|Any CPU.ActiveCfg = Debug|Any CPU
		{37F16D1E-B1D0-4DB1-ADBB-FC44FD3C9349}.Debug|Any CPU.Build.0 = Debug|Any CPU
		{37F16D1E-B1D0-4DB1-ADBB-FC44FD3C9349}.Release|Any CPU.ActiveCfg = Release|Any CPU
		{37F16D1E-B1D0-4DB1-ADBB-FC44FD3C9349}.Release|Any CPU.Build.0 = Release|Any CPU
	EndGlobalSection
	GlobalSection(SolutionProperties) = preSolution
		HideSolutionNode = FALSE
	EndGlobalSection
	GlobalSection(ExtensibilityGlobals) = postSolution
		SolutionGuid = {FD525F3C-C809-4551-BA9B-0F1D6A95613D}
	EndGlobalSection
EndGlobal
